
Microsoft Visual Studio Solution File, Format Version 12.00
# Visual Studio Version 17
VisualStudioVersion = 17.1.32104.313
MinimumVisualStudioVersion = 10.0.40219.1
Project("{FAE04EC0-301F-11D3-BF4B-00C04F79EFBC}") = "ProyectoPrueba", "ProyectoPrueba.csproj", "{F1CBDABB-8821-4CE1-B327-CB4B1CF2874E}"
EndProject
Global
	GlobalSection(SolutionConfigurationPlatforms) = preSolution
		Debug|Any CPU = Debug|Any CPU
		Release|Any CPU = Release|Any CPU
	EndGlobalSection
	GlobalSection(ProjectConfigurationPlatforms) = postSolution
		{F1CBDABB-8821-4CE1-B327-CB4B1CF2874E}.Debug|Any CPU.ActiveCfg = Debug|Any CPU
		{F1CBDABB-8821-4CE1-B327-CB4B1CF2874E}.Debug|Any CPU.Build.0 = Debug|Any CPU
		{F1CBDABB-8821-4CE1-B327-CB4B1CF2874E}.Release|Any CPU.ActiveCfg = Release|Any CPU
		{F1CBDABB-8821-4CE1-B327-CB4B1CF2874E}.Release|Any CPU.Build.0 = Release|Any CPU
	EndGlobalSection
	GlobalSection(SolutionProperties) = preSolution
		HideSolutionNode = FALSE
	EndGlobalSection
	GlobalSection(ExtensibilityGlobals) = postSolution
		SolutionGuid = {D3405971-690E-4301-9C95-EA9E13B1FD1D}
	EndGlobalSection
EndGlobal
