
Microsoft Visual Studio Solution File, Format Version 12.00
# Visual Studio Version 17
VisualStudioVersion = 17.0.31612.314
MinimumVisualStudioVersion = 10.0.40219.1
Project("{FAE04EC0-301F-11D3-BF4B-00C04F79EFBC}") = "AeroUI", "AeroUI.csproj", "{CA1C9EFB-7B99-4B2B-B703-4DBC368186CA}"
EndProject
Global
	GlobalSection(SolutionConfigurationPlatforms) = preSolution
		Debug|Any CPU = Debug|Any CPU
		Release|Any CPU = Release|Any CPU
	EndGlobalSection
	GlobalSection(ProjectConfigurationPlatforms) = postSolution
		{CA1C9EFB-7B99-4B2B-B703-4DBC368186CA}.Debug|Any CPU.ActiveCfg = Debug|Any CPU
		{CA1C9EFB-7B99-4B2B-B703-4DBC368186CA}.Debug|Any CPU.Build.0 = Debug|Any CPU
		{CA1C9EFB-7B99-4B2B-B703-4DBC368186CA}.Release|Any CPU.ActiveCfg = Release|Any CPU
		{CA1C9EFB-7B99-4B2B-B703-4DBC368186CA}.Release|Any CPU.Build.0 = Release|Any CPU
	EndGlobalSection
	GlobalSection(SolutionProperties) = preSolution
		HideSolutionNode = FALSE
	EndGlobalSection
	GlobalSection(ExtensibilityGlobals) = postSolution
		SolutionGuid = {CE577EC9-5EC7-4E62-951E-6799F9DDF78E}
	EndGlobalSection
EndGlobal
